
Microsoft Visual Studio Solution File, Format Version 12.00
# Visual Studio Version 16
VisualStudioVersion = 16.0.30611.23
MinimumVisualStudioVersion = 10.0.40219.1
Project("{FAE04EC0-301F-11D3-BF4B-00C04F79EFBC}") = "dotNet5781_00_7195_2621", "dotNet5781_00_7195_2621\dotNet5781_00_7195_2621.csproj", "{9C8CDF0E-AAC7-4BE2-A131-2C0F98AB9FFA}"
EndProject
Project("{FAE04EC0-301F-11D3-BF4B-00C04F79EFBC}") = "dotNet5781_01_7195_2621", "dotNet5781_01_7195_2621\dotNet5781_01_7195_2621.csproj", "{20A85A1B-A022-41CB-9875-7B89FB59701F}"
EndProject
Project("{FAE04EC0-301F-11D3-BF4B-00C04F79EFBC}") = "dotNet5781_02_7195_2621", "dotNet5781_02_7195_2621\dotNet5781_02_7195_2621.csproj", "{4F2143A4-917F-48FA-B949-961F0DFEA827}"
EndProject
Project("{FAE04EC0-301F-11D3-BF4B-00C04F79EFBC}") = "dotNet5781_03A_7195_2621", "dotNet5781_03A_7195_2621\dotNet5781_03A_7195_2621.csproj", "{3CC96E09-02E6-4303-A1C9-F80CC51E7DBC}"
EndProject
Project("{FAE04EC0-301F-11D3-BF4B-00C04F79EFBC}") = "dotNet5781_03B_7195_2621", "dotNet5781_03B_7195_2621\dotNet5781_03B_7195_2621.csproj", "{68E3D7AE-550A-46EE-B799-B05AF0885A2F}"
EndProject
Project("{9A19103F-16F7-4668-BE54-9A1E7A4F7556}") = "DLAPI", "DLAPI\DLAPI.csproj", "{28A9F158-15A4-4A38-B37F-3D291208DA48}"
EndProject
Project("{9A19103F-16F7-4668-BE54-9A1E7A4F7556}") = "DS", "DS\DS.csproj", "{632D866C-5097-4F17-ACED-61AF40E8A184}"
EndProject
Project("{FAE04EC0-301F-11D3-BF4B-00C04F79EFBC}") = "PL", "PL\PL.csproj", "{B73B733A-5CA9-494F-B99F-E7FC2C282F0F}"
EndProject
Project("{9A19103F-16F7-4668-BE54-9A1E7A4F7556}") = "BL", "BL\BL.csproj", "{B5EFBBB9-E891-4E95-BD22-30D45460F8F5}"
EndProject
Project("{9A19103F-16F7-4668-BE54-9A1E7A4F7556}") = "DalObject", "DalObject\DalObject.csproj", "{B9FA6712-04BF-48D5-A0CD-09C0F9B09495}"
EndProject
Project("{FAE04EC0-301F-11D3-BF4B-00C04F79EFBC}") = "BLn", "BLn\BLn.csproj", "{5F56F9B8-F2B9-46A2-B31C-CD9F82784592}"
EndProject
Project("{FAE04EC0-301F-11D3-BF4B-00C04F79EFBC}") = "DSn", "DSn\DSn.csproj", "{4B7CC3BF-3F55-447F-89C6-7AA05794416A}"
EndProject
Project("{FAE04EC0-301F-11D3-BF4B-00C04F79EFBC}") = "DLAPInew", "DLAPInew\DLAPInew.csproj", "{05A64C8C-E6D3-40E5-A90F-822289279DDF}"
EndProject
Project("{2150E333-8FDC-42A3-9474-1A3956D46DE8}") = "Solution Items", "Solution Items", "{B264779C-C573-451F-98AD-E73727842B5B}"
	ProjectSection(SolutionItems) = preProject
		bin\xml\AdjacentStationsXml.xml = bin\xml\AdjacentStationsXml.xml
		bin\config.xml = bin\config.xml
		bin\xml\counterXML.xml = bin\xml\counterXML.xml
		bin\xml\LineStationXml.xml = bin\xml\LineStationXml.xml
		bin\xml\LineTripXml.xml = bin\xml\LineTripXml.xml
		bin\xml\LineXml.xml = bin\xml\LineXml.xml
		bin\xml\Password.xml = bin\xml\Password.xml
		bin\xml\StationXml.xml = bin\xml\StationXml.xml
		bin\xml\UserXml.xml = bin\xml\UserXml.xml
		..\..\..\OneDrive\Desktop\בונוסים בשלב א.docx = ..\..\..\OneDrive\Desktop\בונוסים בשלב א.docx
		..\..\..\Downloads\בונוסים בשלב ב והגשה סופית.docx = ..\..\..\Downloads\בונוסים בשלב ב והגשה סופית.docx
	EndProjectSection
EndProject
Project("{FAE04EC0-301F-11D3-BF4B-00C04F79EFBC}") = "DLObject", "DLObject\DLObject.csproj", "{A85BE788-9BDC-4733-A487-8EF859CCB2F8}"
EndProject
Project("{FAE04EC0-301F-11D3-BF4B-00C04F79EFBC}") = "DLXML", "DLXML\DLXML.csproj", "{DC46D43F-E3CA-48F7-AAAB-DB571CC12B55}"
EndProject
Global
	GlobalSection(SolutionConfigurationPlatforms) = preSolution
		Debug|Any CPU = Debug|Any CPU
		Release|Any CPU = Release|Any CPU
	EndGlobalSection
	GlobalSection(ProjectConfigurationPlatforms) = postSolution
		{9C8CDF0E-AAC7-4BE2-A131-2C0F98AB9FFA}.Debug|Any CPU.ActiveCfg = Debug|Any CPU
		{9C8CDF0E-AAC7-4BE2-A131-2C0F98AB9FFA}.Debug|Any CPU.Build.0 = Debug|Any CPU
		{9C8CDF0E-AAC7-4BE2-A131-2C0F98AB9FFA}.Release|Any CPU.ActiveCfg = Release|Any CPU
		{9C8CDF0E-AAC7-4BE2-A131-2C0F98AB9FFA}.Release|Any CPU.Build.0 = Release|Any CPU
		{20A85A1B-A022-41CB-9875-7B89FB59701F}.Debug|Any CPU.ActiveCfg = Debug|Any CPU
		{20A85A1B-A022-41CB-9875-7B89FB59701F}.Debug|Any CPU.Build.0 = Debug|Any CPU
		{20A85A1B-A022-41CB-9875-7B89FB59701F}.Release|Any CPU.ActiveCfg = Release|Any CPU
		{20A85A1B-A022-41CB-9875-7B89FB59701F}.Release|Any CPU.Build.0 = Release|Any CPU
		{4F2143A4-917F-48FA-B949-961F0DFEA827}.Debug|Any CPU.ActiveCfg = Debug|Any CPU
		{4F2143A4-917F-48FA-B949-961F0DFEA827}.Debug|Any CPU.Build.0 = Debug|Any CPU
		{4F2143A4-917F-48FA-B949-961F0DFEA827}.Release|Any CPU.ActiveCfg = Release|Any CPU
		{4F2143A4-917F-48FA-B949-961F0DFEA827}.Release|Any CPU.Build.0 = Release|Any CPU
		{3CC96E09-02E6-4303-A1C9-F80CC51E7DBC}.Debug|Any CPU.ActiveCfg = Debug|Any CPU
		{3CC96E09-02E6-4303-A1C9-F80CC51E7DBC}.Debug|Any CPU.Build.0 = Debug|Any CPU
		{3CC96E09-02E6-4303-A1C9-F80CC51E7DBC}.Release|Any CPU.ActiveCfg = Release|Any CPU
		{3CC96E09-02E6-4303-A1C9-F80CC51E7DBC}.Release|Any CPU.Build.0 = Release|Any CPU
		{68E3D7AE-550A-46EE-B799-B05AF0885A2F}.Debug|Any CPU.ActiveCfg = Debug|Any CPU
		{68E3D7AE-550A-46EE-B799-B05AF0885A2F}.Debug|Any CPU.Build.0 = Debug|Any CPU
		{68E3D7AE-550A-46EE-B799-B05AF0885A2F}.Release|Any CPU.ActiveCfg = Release|Any CPU
		{68E3D7AE-550A-46EE-B799-B05AF0885A2F}.Release|Any CPU.Build.0 = Release|Any CPU
		{28A9F158-15A4-4A38-B37F-3D291208DA48}.Debug|Any CPU.ActiveCfg = Debug|Any CPU
		{28A9F158-15A4-4A38-B37F-3D291208DA48}.Debug|Any CPU.Build.0 = Debug|Any CPU
		{28A9F158-15A4-4A38-B37F-3D291208DA48}.Release|Any CPU.ActiveCfg = Release|Any CPU
		{28A9F158-15A4-4A38-B37F-3D291208DA48}.Release|Any CPU.Build.0 = Release|Any CPU
		{632D866C-5097-4F17-ACED-61AF40E8A184}.Debug|Any CPU.ActiveCfg = Debug|Any CPU
		{632D866C-5097-4F17-ACED-61AF40E8A184}.Debug|Any CPU.Build.0 = Debug|Any CPU
		{632D866C-5097-4F17-ACED-61AF40E8A184}.Release|Any CPU.ActiveCfg = Release|Any CPU
		{632D866C-5097-4F17-ACED-61AF40E8A184}.Release|Any CPU.Build.0 = Release|Any CPU
		{B73B733A-5CA9-494F-B99F-E7FC2C282F0F}.Debug|Any CPU.ActiveCfg = Debug|Any CPU
		{B73B733A-5CA9-494F-B99F-E7FC2C282F0F}.Debug|Any CPU.Build.0 = Debug|Any CPU
		{B73B733A-5CA9-494F-B99F-E7FC2C282F0F}.Release|Any CPU.ActiveCfg = Release|Any CPU
		{B73B733A-5CA9-494F-B99F-E7FC2C282F0F}.Release|Any CPU.Build.0 = Release|Any CPU
		{B5EFBBB9-E891-4E95-BD22-30D45460F8F5}.Debug|Any CPU.ActiveCfg = Debug|Any CPU
		{B5EFBBB9-E891-4E95-BD22-30D45460F8F5}.Debug|Any CPU.Build.0 = Debug|Any CPU
		{B5EFBBB9-E891-4E95-BD22-30D45460F8F5}.Release|Any CPU.ActiveCfg = Release|Any CPU
		{B5EFBBB9-E891-4E95-BD22-30D45460F8F5}.Release|Any CPU.Build.0 = Release|Any CPU
		{B9FA6712-04BF-48D5-A0CD-09C0F9B09495}.Debug|Any CPU.ActiveCfg = Debug|Any CPU
		{B9FA6712-04BF-48D5-A0CD-09C0F9B09495}.Debug|Any CPU.Build.0 = Debug|Any CPU
		{B9FA6712-04BF-48D5-A0CD-09C0F9B09495}.Release|Any CPU.ActiveCfg = Release|Any CPU
		{B9FA6712-04BF-48D5-A0CD-09C0F9B09495}.Release|Any CPU.Build.0 = Release|Any CPU
		{5F56F9B8-F2B9-46A2-B31C-CD9F82784592}.Debug|Any CPU.ActiveCfg = Debug|Any CPU
		{5F56F9B8-F2B9-46A2-B31C-CD9F82784592}.Debug|Any CPU.Build.0 = Debug|Any CPU
		{5F56F9B8-F2B9-46A2-B31C-CD9F82784592}.Release|Any CPU.ActiveCfg = Release|Any CPU
		{5F56F9B8-F2B9-46A2-B31C-CD9F82784592}.Release|Any CPU.Build.0 = Release|Any CPU
		{4B7CC3BF-3F55-447F-89C6-7AA05794416A}.Debug|Any CPU.ActiveCfg = Debug|Any CPU
		{4B7CC3BF-3F55-447F-89C6-7AA05794416A}.Debug|Any CPU.Build.0 = Debug|Any CPU
		{4B7CC3BF-3F55-447F-89C6-7AA05794416A}.Release|Any CPU.ActiveCfg = Release|Any CPU
		{4B7CC3BF-3F55-447F-89C6-7AA05794416A}.Release|Any CPU.Build.0 = Release|Any CPU
		{05A64C8C-E6D3-40E5-A90F-822289279DDF}.Debug|Any CPU.ActiveCfg = Debug|Any CPU
		{05A64C8C-E6D3-40E5-A90F-822289279DDF}.Debug|Any CPU.Build.0 = Debug|Any CPU
		{05A64C8C-E6D3-40E5-A90F-822289279DDF}.Release|Any CPU.ActiveCfg = Release|Any CPU
		{05A64C8C-E6D3-40E5-A90F-822289279DDF}.Release|Any CPU.Build.0 = Release|Any CPU
		{A85BE788-9BDC-4733-A487-8EF859CCB2F8}.Debug|Any CPU.ActiveCfg = Debug|Any CPU
		{A85BE788-9BDC-4733-A487-8EF859CCB2F8}.Debug|Any CPU.Build.0 = Debug|Any CPU
		{A85BE788-9BDC-4733-A487-8EF859CCB2F8}.Release|Any CPU.ActiveCfg = Release|Any CPU
		{A85BE788-9BDC-4733-A487-8EF859CCB2F8}.Release|Any CPU.Build.0 = Release|Any CPU
		{DC46D43F-E3CA-48F7-AAAB-DB571CC12B55}.Debug|Any CPU.ActiveCfg = Debug|Any CPU
		{DC46D43F-E3CA-48F7-AAAB-DB571CC12B55}.Debug|Any CPU.Build.0 = Debug|Any CPU
		{DC46D43F-E3CA-48F7-AAAB-DB571CC12B55}.Release|Any CPU.ActiveCfg = Release|Any CPU
		{DC46D43F-E3CA-48F7-AAAB-DB571CC12B55}.Release|Any CPU.Build.0 = Release|Any CPU
	EndGlobalSection
	GlobalSection(SolutionProperties) = preSolution
		HideSolutionNode = FALSE
	EndGlobalSection
	GlobalSection(ExtensibilityGlobals) = postSolution
		SolutionGuid = {02DABD47-EA20-4983-BD7E-77CE93F68939}
	EndGlobalSection
EndGlobal
